
Microsoft Visual Studio Solution File, Format Version 12.00
# Visual Studio 2013
VisualStudioVersion = 12.0.31101.0
MinimumVisualStudioVersion = 10.0.40219.1
Project("{F184B08F-C81C-45F6-A57F-5ABD9991F28F}") = "StartCraft v2", "StartCraft v2.vbproj", "{277C1F84-3887-4D7F-8B93-FB8B4987FCB6}"
EndProject
Project("{F184B08F-C81C-45F6-A57F-5ABD9991F28F}") = "StartCraft v2 Splash", "..\StartCraft v2 Splash\StartCraft v2 Splash.vbproj", "{076C3DD5-482D-4D57-8704-3AD8F5B5EADA}"
EndProject
Global
	GlobalSection(SolutionConfigurationPlatforms) = preSolution
		Debug|Any CPU = Debug|Any CPU
		Release|Any CPU = Release|Any CPU
	EndGlobalSection
	GlobalSection(ProjectConfigurationPlatforms) = postSolution
		{277C1F84-3887-4D7F-8B93-FB8B4987FCB6}.Debug|Any CPU.ActiveCfg = Debug|Any CPU
		{277C1F84-3887-4D7F-8B93-FB8B4987FCB6}.Debug|Any CPU.Build.0 = Debug|Any CPU
		{277C1F84-3887-4D7F-8B93-FB8B4987FCB6}.Release|Any CPU.ActiveCfg = Release|Any CPU
		{277C1F84-3887-4D7F-8B93-FB8B4987FCB6}.Release|Any CPU.Build.0 = Release|Any CPU
		{076C3DD5-482D-4D57-8704-3AD8F5B5EADA}.Debug|Any CPU.ActiveCfg = Debug|Any CPU
		{076C3DD5-482D-4D57-8704-3AD8F5B5EADA}.Debug|Any CPU.Build.0 = Debug|Any CPU
		{076C3DD5-482D-4D57-8704-3AD8F5B5EADA}.Release|Any CPU.ActiveCfg = Release|Any CPU
		{076C3DD5-482D-4D57-8704-3AD8F5B5EADA}.Release|Any CPU.Build.0 = Release|Any CPU
	EndGlobalSection
	GlobalSection(SolutionProperties) = preSolution
		HideSolutionNode = FALSE
	EndGlobalSection
EndGlobal
